
Microsoft Visual Studio Solution File, Format Version 12.00
# Visual Studio Version 16
VisualStudioVersion = 16.0.31605.320
MinimumVisualStudioVersion = 10.0.40219.1
Project("{9A19103F-16F7-4668-BE54-9A1E7A4F7556}") = "trainautomate", "trainautomate\trainautomate.csproj", "{840A44DF-836A-439D-9F20-6E9D58EA1C17}"
EndProject
Project("{FAE04EC0-301F-11D3-BF4B-00C04F79EFBC}") = "test_console", "test_console\test_console.csproj", "{6394252E-5392-4708-9353-6E96810310FD}"
EndProject
Global
	GlobalSection(SolutionConfigurationPlatforms) = preSolution
		Debug|Any CPU = Debug|Any CPU
		Release|Any CPU = Release|Any CPU
	EndGlobalSection
	GlobalSection(ProjectConfigurationPlatforms) = postSolution
		{840A44DF-836A-439D-9F20-6E9D58EA1C17}.Debug|Any CPU.ActiveCfg = Debug|Any CPU
		{840A44DF-836A-439D-9F20-6E9D58EA1C17}.Debug|Any CPU.Build.0 = Debug|Any CPU
		{840A44DF-836A-439D-9F20-6E9D58EA1C17}.Release|Any CPU.ActiveCfg = Release|Any CPU
		{840A44DF-836A-439D-9F20-6E9D58EA1C17}.Release|Any CPU.Build.0 = Release|Any CPU
		{6394252E-5392-4708-9353-6E96810310FD}.Debug|Any CPU.ActiveCfg = Debug|Any CPU
		{6394252E-5392-4708-9353-6E96810310FD}.Debug|Any CPU.Build.0 = Debug|Any CPU
		{6394252E-5392-4708-9353-6E96810310FD}.Release|Any CPU.ActiveCfg = Release|Any CPU
		{6394252E-5392-4708-9353-6E96810310FD}.Release|Any CPU.Build.0 = Release|Any CPU
	EndGlobalSection
	GlobalSection(SolutionProperties) = preSolution
		HideSolutionNode = FALSE
	EndGlobalSection
	GlobalSection(ExtensibilityGlobals) = postSolution
		SolutionGuid = {92486468-952F-492D-A776-76AAEF6BDC8C}
	EndGlobalSection
EndGlobal
